// !$*UTF8*$!
{
	archiveVersion = 1;
	classes = {
	};
	objectVersion = 46;
	objects = {

/* Begin PBXBuildFile section */
		262583FB19EEAC6400D97A6D /* main.m in Sources */ = {isa = PBXBuildFile; fileRef = 262583FA19EEAC6400D97A6D /* main.m */; };
		262583FE19EEAC6400D97A6D /* AppDelegate.m in Sources */ = {isa = PBXBuildFile; fileRef = 262583FD19EEAC6400D97A6D /* AppDelegate.m */; };
		2625840119EEAC6400D97A6D /* LoginViewController.m in Sources */ = {isa = PBXBuildFile; fileRef = 2625840019EEAC6400D97A6D /* LoginViewController.m */; };
		2625840419EEAC6400D97A6D /* Main.storyboard in Resources */ = {isa = PBXBuildFile; fileRef = 2625840219EEAC6400D97A6D /* Main.storyboard */; };
		2625840619EEAC6400D97A6D /* Images.xcassets in Resources */ = {isa = PBXBuildFile; fileRef = 2625840519EEAC6400D97A6D /* Images.xcassets */; };
		2625840919EEAC6400D97A6D /* LaunchScreen.xib in Resources */ = {isa = PBXBuildFile; fileRef = 2625840719EEAC6400D97A6D /* LaunchScreen.xib */; };
		2625841519EEAC6400D97A6D /* XPDemoTests.m in Sources */ = {isa = PBXBuildFile; fileRef = 2625841419EEAC6400D97A6D /* XPDemoTests.m */; };
		2625842319EEADB300D97A6D /* MasterViewController.m in Sources */ = {isa = PBXBuildFile; fileRef = 2625842219EEADB300D97A6D /* MasterViewController.m */; };
		2625842519EEAE5C00D97A6D /* sessions.plist in Resources */ = {isa = PBXBuildFile; fileRef = 2625842419EEAE5C00D97A6D /* sessions.plist */; };
		2625842819EEAF6500D97A6D /* DetailViewController.m in Sources */ = {isa = PBXBuildFile; fileRef = 2625842719EEAF6500D97A6D /* DetailViewController.m */; };
		2625842B19EEB07800D97A6D /* SessionDetailViewController.m in Sources */ = {isa = PBXBuildFile; fileRef = 2625842A19EEB07800D97A6D /* SessionDetailViewController.m */; };
/* End PBXBuildFile section */

/* Begin PBXContainerItemProxy section */
		2625840F19EEAC6400D97A6D /* PBXContainerItemProxy */ = {
			isa = PBXContainerItemProxy;
			containerPortal = 262583ED19EEAC6400D97A6D /* Project object */;
			proxyType = 1;
			remoteGlobalIDString = 262583F419EEAC6400D97A6D;
			remoteInfo = XPDemo;
		};
/* End PBXContainerItemProxy section */

/* Begin PBXFileReference section */
		262583F519EEAC6400D97A6D /* XPDemo.app */ = {isa = PBXFileReference; explicitFileType = wrapper.application; includeInIndex = 0; path = XPDemo.app; sourceTree = BUILT_PRODUCTS_DIR; };
		262583F919EEAC6400D97A6D /* Info.plist */ = {isa = PBXFileReference; lastKnownFileType = text.plist.xml; path = Info.plist; sourceTree = "<group>"; };
		262583FA19EEAC6400D97A6D /* main.m */ = {isa = PBXFileReference; lastKnownFileType = sourcecode.c.objc; path = main.m; sourceTree = "<group>"; };
		262583FC19EEAC6400D97A6D /* AppDelegate.h */ = {isa = PBXFileReference; lastKnownFileType = sourcecode.c.h; path = AppDelegate.h; sourceTree = "<group>"; };
		262583FD19EEAC6400D97A6D /* AppDelegate.m */ = {isa = PBXFileReference; lastKnownFileType = sourcecode.c.objc; path = AppDelegate.m; sourceTree = "<group>"; };
		262583FF19EEAC6400D97A6D /* LoginViewController.h */ = {isa = PBXFileReference; lastKnownFileType = sourcecode.c.h; path = LoginViewController.h; sourceTree = "<group>"; };
		2625840019EEAC6400D97A6D /* LoginViewController.m */ = {isa = PBXFileReference; lastKnownFileType = sourcecode.c.objc; path = LoginViewController.m; sourceTree = "<group>"; };
		2625840319EEAC6400D97A6D /* Base */ = {isa = PBXFileReference; lastKnownFileType = file.storyboard; name = Base; path = Base.lproj/Main.storyboard; sourceTree = "<group>"; };
		2625840519EEAC6400D97A6D /* Images.xcassets */ = {isa = PBXFileReference; lastKnownFileType = folder.assetcatalog; path = Images.xcassets; sourceTree = "<group>"; };
		2625840819EEAC6400D97A6D /* Base */ = {isa = PBXFileReference; lastKnownFileType = file.xib; name = Base; path = Base.lproj/LaunchScreen.xib; sourceTree = "<group>"; };
		2625840E19EEAC6400D97A6D /* XPDemoTests.xctest */ = {isa = PBXFileReference; explicitFileType = wrapper.cfbundle; includeInIndex = 0; path = XPDemoTests.xctest; sourceTree = BUILT_PRODUCTS_DIR; };
		2625841319EEAC6400D97A6D /* Info.plist */ = {isa = PBXFileReference; lastKnownFileType = text.plist.xml; path = Info.plist; sourceTree = "<group>"; };
		2625841419EEAC6400D97A6D /* XPDemoTests.m */ = {isa = PBXFileReference; lastKnownFileType = sourcecode.c.objc; path = XPDemoTests.m; sourceTree = "<group>"; };
		2625842119EEADB300D97A6D /* MasterViewController.h */ = {isa = PBXFileReference; fileEncoding = 4; lastKnownFileType = sourcecode.c.h; path = MasterViewController.h; sourceTree = "<group>"; };
		2625842219EEADB300D97A6D /* MasterViewController.m */ = {isa = PBXFileReference; fileEncoding = 4; lastKnownFileType = sourcecode.c.objc; path = MasterViewController.m; sourceTree = "<group>"; };
		2625842419EEAE5C00D97A6D /* sessions.plist */ = {isa = PBXFileReference; fileEncoding = 4; lastKnownFileType = text.plist.xml; path = sessions.plist; sourceTree = "<group>"; };
		2625842619EEAF6500D97A6D /* DetailViewController.h */ = {isa = PBXFileReference; fileEncoding = 4; lastKnownFileType = sourcecode.c.h; path = DetailViewController.h; sourceTree = "<group>"; };
		2625842719EEAF6500D97A6D /* DetailViewController.m */ = {isa = PBXFileReference; fileEncoding = 4; lastKnownFileType = sourcecode.c.objc; path = DetailViewController.m; sourceTree = "<group>"; };
		2625842919EEB07800D97A6D /* SessionDetailViewController.h */ = {isa = PBXFileReference; fileEncoding = 4; lastKnownFileType = sourcecode.c.h; path = SessionDetailViewController.h; sourceTree = "<group>"; };
		2625842A19EEB07800D97A6D /* SessionDetailViewController.m */ = {isa = PBXFileReference; fileEncoding = 4; lastKnownFileType = sourcecode.c.objc; path = SessionDetailViewController.m; sourceTree = "<group>"; };
/* End PBXFileReference section */

/* Begin PBXFrameworksBuildPhase section */
		262583F219EEAC6400D97A6D /* Frameworks */ = {
			isa = PBXFrameworksBuildPhase;
			buildActionMask = 2147483647;
			files = (
			);
			runOnlyForDeploymentPostprocessing = 0;
		};
		2625840B19EEAC6400D97A6D /* Frameworks */ = {
			isa = PBXFrameworksBuildPhase;
			buildActionMask = 2147483647;
			files = (
			);
			runOnlyForDeploymentPostprocessing = 0;
		};
/* End PBXFrameworksBuildPhase section */

/* Begin PBXGroup section */
		262583EC19EEAC6400D97A6D = {
			isa = PBXGroup;
			children = (
				262583F719EEAC6400D97A6D /* XPDemo */,
				2625841119EEAC6400D97A6D /* XPDemoTests */,
				262583F619EEAC6400D97A6D /* Products */,
			);
			sourceTree = "<group>";
		};
		262583F619EEAC6400D97A6D /* Products */ = {
			isa = PBXGroup;
			children = (
				262583F519EEAC6400D97A6D /* XPDemo.app */,
				2625840E19EEAC6400D97A6D /* XPDemoTests.xctest */,
			);
			name = Products;
			sourceTree = "<group>";
		};
		262583F719EEAC6400D97A6D /* XPDemo */ = {
			isa = PBXGroup;
			children = (
				262583FC19EEAC6400D97A6D /* AppDelegate.h */,
				262583FD19EEAC6400D97A6D /* AppDelegate.m */,
				2625842619EEAF6500D97A6D /* DetailViewController.h */,
				2625842719EEAF6500D97A6D /* DetailViewController.m */,
				2625840519EEAC6400D97A6D /* Images.xcassets */,
				2625840719EEAC6400D97A6D /* LaunchScreen.xib */,
				262583FF19EEAC6400D97A6D /* LoginViewController.h */,
				2625840019EEAC6400D97A6D /* LoginViewController.m */,
				2625840219EEAC6400D97A6D /* Main.storyboard */,
				2625842119EEADB300D97A6D /* MasterViewController.h */,
				2625842219EEADB300D97A6D /* MasterViewController.m */,
				2625842919EEB07800D97A6D /* SessionDetailViewController.h */,
				2625842A19EEB07800D97A6D /* SessionDetailViewController.m */,
				2625842419EEAE5C00D97A6D /* sessions.plist */,
				262583F819EEAC6400D97A6D /* Supporting Files */,
			);
			path = XPDemo;
			sourceTree = "<group>";
		};
		262583F819EEAC6400D97A6D /* Supporting Files */ = {
			isa = PBXGroup;
			children = (
				262583F919EEAC6400D97A6D /* Info.plist */,
				262583FA19EEAC6400D97A6D /* main.m */,
			);
			name = "Supporting Files";
			sourceTree = "<group>";
		};
		2625841119EEAC6400D97A6D /* XPDemoTests */ = {
			isa = PBXGroup;
			children = (
				2625841419EEAC6400D97A6D /* XPDemoTests.m */,
				2625841219EEAC6400D97A6D /* Supporting Files */,
			);
			path = XPDemoTests;
			sourceTree = "<group>";
		};
		2625841219EEAC6400D97A6D /* Supporting Files */ = {
			isa = PBXGroup;
			children = (
				2625841319EEAC6400D97A6D /* Info.plist */,
			);
			name = "Supporting Files";
			sourceTree = "<group>";
		};
/* End PBXGroup section */

/* Begin PBXNativeTarget section */
		262583F419EEAC6400D97A6D /* XPDemo */ = {
			isa = PBXNativeTarget;
			buildConfigurationList = 2625841819EEAC6400D97A6D /* Build configuration list for PBXNativeTarget "XPDemo" */;
			buildPhases = (
				262583F119EEAC6400D97A6D /* Sources */,
				262583F219EEAC6400D97A6D /* Frameworks */,
				262583F319EEAC6400D97A6D /* Resources */,
			);
			buildRules = (
			);
			dependencies = (
			);
			name = XPDemo;
			productName = XPDemo;
			productReference = 262583F519EEAC6400D97A6D /* XPDemo.app */;
			productType = "com.apple.product-type.application";
		};
		2625840D19EEAC6400D97A6D /* XPDemoTests */ = {
			isa = PBXNativeTarget;
			buildConfigurationList = 2625841B19EEAC6400D97A6D /* Build configuration list for PBXNativeTarget "XPDemoTests" */;
			buildPhases = (
				2625840A19EEAC6400D97A6D /* Sources */,
				2625840B19EEAC6400D97A6D /* Frameworks */,
				2625840C19EEAC6400D97A6D /* Resources */,
			);
			buildRules = (
			);
			dependencies = (
				2625841019EEAC6400D97A6D /* PBXTargetDependency */,
			);
			name = XPDemoTests;
			productName = XPDemoTests;
			productReference = 2625840E19EEAC6400D97A6D /* XPDemoTests.xctest */;
			productType = "com.apple.product-type.bundle.unit-test";
		};
/* End PBXNativeTarget section */

/* Begin PBXProject section */
		262583ED19EEAC6400D97A6D /* Project object */ = {
			isa = PBXProject;
			attributes = {
				LastUpgradeCheck = 0610;
				ORGANIZATIONNAME = "it-agile GmbH";
				TargetAttributes = {
					262583F419EEAC6400D97A6D = {
						CreatedOnToolsVersion = 6.1;
					};
					2625840D19EEAC6400D97A6D = {
						CreatedOnToolsVersion = 6.1;
						TestTargetID = 262583F419EEAC6400D97A6D;
					};
				};
			};
			buildConfigurationList = 262583F019EEAC6400D97A6D /* Build configuration list for PBXProject "XPDemo" */;
			compatibilityVersion = "Xcode 3.2";
			developmentRegion = English;
			hasScannedForEncodings = 0;
			knownRegions = (
				en,
				Base,
			);
			mainGroup = 262583EC19EEAC6400D97A6D;
			productRefGroup = 262583F619EEAC6400D97A6D /* Products */;
			projectDirPath = "";
			projectRoot = "";
			targets = (
				262583F419EEAC6400D97A6D /* XPDemo */,
				2625840D19EEAC6400D97A6D /* XPDemoTests */,
			);
		};
/* End PBXProject section */

/* Begin PBXResourcesBuildPhase section */
		262583F319EEAC6400D97A6D /* Resources */ = {
			isa = PBXResourcesBuildPhase;
			buildActionMask = 2147483647;
			files = (
				2625840419EEAC6400D97A6D /* Main.storyboard in Resources */,
				2625840919EEAC6400D97A6D /* LaunchScreen.xib in Resources */,
				2625840619EEAC6400D97A6D /* Images.xcassets in Resources */,
				2625842519EEAE5C00D97A6D /* sessions.plist in Resources */,
			);
			runOnlyForDeploymentPostprocessing = 0;
		};
		2625840C19EEAC6400D97A6D /* Resources */ = {
			isa = PBXResourcesBuildPhase;
			buildActionMask = 2147483647;
			files = (
			);
			runOnlyForDeploymentPostprocessing = 0;
		};
/* End PBXResourcesBuildPhase section */

/* Begin PBXSourcesBuildPhase section */
		262583F119EEAC6400D97A6D /* Sources */ = {
			isa = PBXSourcesBuildPhase;
			buildActionMask = 2147483647;
			files = (
				2625842B19EEB07800D97A6D /* SessionDetailViewController.m in Sources */,
				2625842819EEAF6500D97A6D /* DetailViewController.m in Sources */,
				2625842319EEADB300D97A6D /* MasterViewController.m in Sources */,
				2625840119EEAC6400D97A6D /* LoginViewController.m in Sources */,
				262583FE19EEAC6400D97A6D /* AppDelegate.m in Sources */,
				262583FB19EEAC6400D97A6D /* main.m in Sources */,
			);
			runOnlyForDeploymentPostprocessing = 0;
		};
		2625840A19EEAC6400D97A6D /* Sources */ = {
			isa = PBXSourcesBuildPhase;
			buildActionMask = 2147483647;
			files = (
				2625841519EEAC6400D97A6D /* XPDemoTests.m in Sources */,
			);
			runOnlyForDeploymentPostprocessing = 0;
		};
/* End PBXSourcesBuildPhase section */

/* Begin PBXTargetDependency section */
		2625841019EEAC6400D97A6D /* PBXTargetDependency */ = {
			isa = PBXTargetDependency;
			target = 262583F419EEAC6400D97A6D /* XPDemo */;
			targetProxy = 2625840F19EEAC6400D97A6D /* PBXContainerItemProxy */;
		};
/* End PBXTargetDependency section */

/* Begin PBXVariantGroup section */
		2625840219EEAC6400D97A6D /* Main.storyboard */ = {
			isa = PBXVariantGroup;
			children = (
				2625840319EEAC6400D97A6D /* Base */,
			);
			name = Main.storyboard;
			sourceTree = "<group>";
		};
		2625840719EEAC6400D97A6D /* LaunchScreen.xib */ = {
			isa = PBXVariantGroup;
			children = (
				2625840819EEAC6400D97A6D /* Base */,
			);
			name = LaunchScreen.xib;
			sourceTree = "<group>";
		};
/* End PBXVariantGroup section */

/* Begin XCBuildConfiguration section */
		2625841619EEAC6400D97A6D /* Debug */ = {
			isa = XCBuildConfiguration;
			buildSettings = {
				ALWAYS_SEARCH_USER_PATHS = NO;
				CLANG_CXX_LANGUAGE_STANDARD = "gnu++0x";
				CLANG_CXX_LIBRARY = "libc++";
				CLANG_ENABLE_MODULES = YES;
				CLANG_ENABLE_OBJC_ARC = YES;
				CLANG_WARN_BOOL_CONVERSION = YES;
				CLANG_WARN_CONSTANT_CONVERSION = YES;
				CLANG_WARN_DIRECT_OBJC_ISA_USAGE = YES_ERROR;
				CLANG_WARN_EMPTY_BODY = YES;
				CLANG_WARN_ENUM_CONVERSION = YES;
				CLANG_WARN_INT_CONVERSION = YES;
				CLANG_WARN_OBJC_ROOT_CLASS = YES_ERROR;
				CLANG_WARN_UNREACHABLE_CODE = YES;
				CLANG_WARN__DUPLICATE_METHOD_MATCH = YES;
				"CODE_SIGN_IDENTITY[sdk=iphoneos*]" = "iPhone Developer";
				COPY_PHASE_STRIP = NO;
				ENABLE_STRICT_OBJC_MSGSEND = YES;
				GCC_C_LANGUAGE_STANDARD = gnu99;
				GCC_DYNAMIC_NO_PIC = NO;
				GCC_OPTIMIZATION_LEVEL = 0;
				GCC_PREPROCESSOR_DEFINITIONS = (
					"DEBUG=1",
					"$(inherited)",
				);
				GCC_SYMBOLS_PRIVATE_EXTERN = NO;
				GCC_WARN_64_TO_32_BIT_CONVERSION = YES;
				GCC_WARN_ABOUT_RETURN_TYPE = YES_ERROR;
				GCC_WARN_UNDECLARED_SELECTOR = YES;
				GCC_WARN_UNINITIALIZED_AUTOS = YES_AGGRESSIVE;
				GCC_WARN_UNUSED_FUNCTION = YES;
				GCC_WARN_UNUSED_VARIABLE = YES;
				IPHONEOS_DEPLOYMENT_TARGET = 8.1;
				MTL_ENABLE_DEBUG_INFO = YES;
				ONLY_ACTIVE_ARCH = YES;
				SDKROOT = iphoneos;
				TARGETED_DEVICE_FAMILY = "1,2";
			};
			name = Debug;
		};
		2625841719EEAC6400D97A6D /* Release */ = {
			isa = XCBuildConfiguration;
			buildSettings = {
				ALWAYS_SEARCH_USER_PATHS = NO;
				CLANG_CXX_LANGUAGE_STANDARD = "gnu++0x";
				CLANG_CXX_LIBRARY = "libc++";
				CLANG_ENABLE_MODULES = YES;
				CLANG_ENABLE_OBJC_ARC = YES;
				CLANG_WARN_BOOL_CONVERSION = YES;
				CLANG_WARN_CONSTANT_CONVERSION = YES;
				CLANG_WARN_DIRECT_OBJC_ISA_USAGE = YES_ERROR;
				CLANG_WARN_EMPTY_BODY = YES;
				CLANG_WARN_ENUM_CONVERSION = YES;
				CLANG_WARN_INT_CONVERSION = YES;
				CLANG_WARN_OBJC_ROOT_CLASS = YES_ERROR;
				CLANG_WARN_UNREACHABLE_CODE = YES;
				CLANG_WARN__DUPLICATE_METHOD_MATCH = YES;
				"CODE_SIGN_IDENTITY[sdk=iphoneos*]" = "iPhone Developer";
				COPY_PHASE_STRIP = YES;
				ENABLE_NS_ASSERTIONS = NO;
				ENABLE_STRICT_OBJC_MSGSEND = YES;
				GCC_C_LANGUAGE_STANDARD = gnu99;
				GCC_WARN_64_TO_32_BIT_CONVERSION = YES;
				GCC_WARN_ABOUT_RETURN_TYPE = YES_ERROR;
				GCC_WARN_UNDECLARED_SELECTOR = YES;
				GCC_WARN_UNINITIALIZED_AUTOS = YES_AGGRESSIVE;
				GCC_WARN_UNUSED_FUNCTION = YES;
				GCC_WARN_UNUSED_VARIABLE = YES;
				IPHONEOS_DEPLOYMENT_TARGET = 8.1;
				MTL_ENABLE_DEBUG_INFO = NO;
				SDKROOT = iphoneos;
				TARGETED_DEVICE_FAMILY = "1,2";
				VALIDATE_PRODUCT = YES;
			};
			name = Release;
		};
		2625841919EEAC6400D97A6D /* Debug */ = {
			isa = XCBuildConfiguration;
			buildSettings = {
				ASSETCATALOG_COMPILER_APPICON_NAME = AppIcon;
				INFOPLIST_FILE = XPDemo/Info.plist;
				LD_RUNPATH_SEARCH_PATHS = "$(inherited) @executable_path/Frameworks";
				PRODUCT_NAME = "$(TARGET_NAME)";
			};
			name = Debug;
		};
		2625841A19EEAC6400D97A6D /* Release */ = {
			isa = XCBuildConfiguration;
			buildSettings = {
				ASSETCATALOG_COMPILER_APPICON_NAME = AppIcon;
				INFOPLIST_FILE = XPDemo/Info.plist;
				LD_RUNPATH_SEARCH_PATHS = "$(inherited) @executable_path/Frameworks";
				PRODUCT_NAME = "$(TARGET_NAME)";
			};
			name = Release;
		};
		2625841C19EEAC6400D97A6D /* Debug */ = {
			isa = XCBuildConfiguration;
			buildSettings = {
				BUNDLE_LOADER = "$(TEST_HOST)";
				FRAMEWORK_SEARCH_PATHS = (
					"$(SDKROOT)/Developer/Library/Frameworks",
					"$(inherited)",
				);
				GCC_PREPROCESSOR_DEFINITIONS = (
					"DEBUG=1",
					"$(inherited)",
				);
				INFOPLIST_FILE = XPDemoTests/Info.plist;
				LD_RUNPATH_SEARCH_PATHS = "$(inherited) @executable_path/Frameworks @loader_path/Frameworks";
				PRODUCT_NAME = "$(TARGET_NAME)";
				TEST_HOST = "$(BUILT_PRODUCTS_DIR)/XPDemo.app/XPDemo";
			};
			name = Debug;
		};
		2625841D19EEAC6400D97A6D /* Release */ = {
			isa = XCBuildConfiguration;
			buildSettings = {
				BUNDLE_LOADER = "$(TEST_HOST)";
				FRAMEWORK_SEARCH_PATHS = (
					"$(SDKROOT)/Developer/Library/Frameworks",
					"$(inherited)",
				);
				INFOPLIST_FILE = XPDemoTests/Info.plist;
				LD_RUNPATH_SEARCH_PATHS = "$(inherited) @executable_path/Frameworks @loader_path/Frameworks";
				PRODUCT_NAME = "$(TARGET_NAME)";
				TEST_HOST = "$(BUILT_PRODUCTS_DIR)/XPDemo.app/XPDemo";
			};
			name = Release;
		};
/* End XCBuildConfiguration section */

/* Begin XCConfigurationList section */
		262583F019EEAC6400D97A6D /* Build configuration list for PBXProject "XPDemo" */ = {
			isa = XCConfigurationList;
			buildConfigurations = (
				2625841619EEAC6400D97A6D /* Debug */,
				2625841719EEAC6400D97A6D /* Release */,
			);
			defaultConfigurationIsVisible = 0;
			defaultConfigurationName = Release;
		};
		2625841819EEAC6400D97A6D /* Build configuration list for PBXNativeTarget "XPDemo" */ = {
			isa = XCConfigurationList;
			buildConfigurations = (
				2625841919EEAC6400D97A6D /* Debug */,
				2625841A19EEAC6400D97A6D /* Release */,
			);
			defaultConfigurationIsVisible = 0;
		};
		2625841B19EEAC6400D97A6D /* Build configuration list for PBXNativeTarget "XPDemoTests" */ = {
			isa = XCConfigurationList;
			buildConfigurations = (
				2625841C19EEAC6400D97A6D /* Debug */,
				2625841D19EEAC6400D97A6D /* Release */,
			);
			defaultConfigurationIsVisible = 0;
		};
/* End XCConfigurationList section */
	};
	rootObject = 262583ED19EEAC6400D97A6D /* Project object */;
}
